
Microsoft Visual Studio Solution File, Format Version 12.00
# Visual Studio Version 17
VisualStudioVersion = 17.2.32616.157
MinimumVisualStudioVersion = 10.0.40219.1
Project("{FAE04EC0-301F-11D3-BF4B-00C04F79EFBC}") = "MusicPlayer", "MusicPlayer\MusicPlayer.csproj", "{FE879612-58C3-4EAC-8CB5-835F9C300748}"
EndProject
Global
	GlobalSection(SolutionConfigurationPlatforms) = preSolution
		Debug|Any CPU = Debug|Any CPU
		Release|Any CPU = Release|Any CPU
	EndGlobalSection
	GlobalSection(ProjectConfigurationPlatforms) = postSolution
		{FE879612-58C3-4EAC-8CB5-835F9C300748}.Debug|Any CPU.ActiveCfg = Debug|Any CPU
		{FE879612-58C3-4EAC-8CB5-835F9C300748}.Debug|Any CPU.Build.0 = Debug|Any CPU
		{FE879612-58C3-4EAC-8CB5-835F9C300748}.Release|Any CPU.ActiveCfg = Release|Any CPU
		{FE879612-58C3-4EAC-8CB5-835F9C300748}.Release|Any CPU.Build.0 = Release|Any CPU
	EndGlobalSection
	GlobalSection(SolutionProperties) = preSolution
		HideSolutionNode = FALSE
	EndGlobalSection
	GlobalSection(ExtensibilityGlobals) = postSolution
		SolutionGuid = {9C97E4AB-9969-4909-BD6F-60085AF77219}
	EndGlobalSection
EndGlobal
